// !$*UTF8*$!
{
	archiveVersion = 1;
	classes = {
	};
	objectVersion = 50;
	objects = {

/* Begin PBXBuildFile section */
		919A40CD24F9CD5400784031 /* text_renderer.cpp in Sources */ = {isa = PBXBuildFile; fileRef = 919A40CB24F9CD5400784031 /* text_renderer.cpp */; };
		919A40D124F9CF8D00784031 /* libfreetype.6.dylib in Frameworks */ = {isa = PBXBuildFile; fileRef = 919A40D024F9CF8D00784031 /* libfreetype.6.dylib */; };
		91A51A6524E081ED000E65D6 /* piece_manager.cpp in Sources */ = {isa = PBXBuildFile; fileRef = 91A51A6324E081ED000E65D6 /* piece_manager.cpp */; };
		91E80C3424D5CFAE003AEFE2 /* main.cpp in Sources */ = {isa = PBXBuildFile; fileRef = 91E80C3324D5CFAE003AEFE2 /* main.cpp */; };
		91E80C3C24D5CFDB003AEFE2 /* OpenGL.framework in Frameworks */ = {isa = PBXBuildFile; fileRef = 91E80C3B24D5CFDB003AEFE2 /* OpenGL.framework */; };
		91E80C3F24D5D042003AEFE2 /* libglfw.3.3.dylib in Frameworks */ = {isa = PBXBuildFile; fileRef = 91E80C3E24D5D042003AEFE2 /* libglfw.3.3.dylib */; };
		91E80C4024D5D042003AEFE2 /* libglfw.3.3.dylib in Embed Libraries */ = {isa = PBXBuildFile; fileRef = 91E80C3E24D5D042003AEFE2 /* libglfw.3.3.dylib */; settings = {ATTRIBUTES = (CodeSignOnCopy, ); }; };
		91E80C4B24D78848003AEFE2 /* renderer.cpp in Sources */ = {isa = PBXBuildFile; fileRef = 91E80C4924D78848003AEFE2 /* renderer.cpp */; };
		91E80C4E24D79710003AEFE2 /* game.cpp in Sources */ = {isa = PBXBuildFile; fileRef = 91E80C4C24D79710003AEFE2 /* game.cpp */; };
		91E80C5124D7971F003AEFE2 /* board.cpp in Sources */ = {isa = PBXBuildFile; fileRef = 91E80C4F24D7971F003AEFE2 /* board.cpp */; };
		91E80C5424D79C05003AEFE2 /* resource_manager.cpp in Sources */ = {isa = PBXBuildFile; fileRef = 91E80C5224D79C05003AEFE2 /* resource_manager.cpp */; };
		91E80C5724D79D6D003AEFE2 /* shader.cpp in Sources */ = {isa = PBXBuildFile; fileRef = 91E80C5524D79D6D003AEFE2 /* shader.cpp */; };
		91E80C5A24D79D7D003AEFE2 /* texture.cpp in Sources */ = {isa = PBXBuildFile; fileRef = 91E80C5824D79D7D003AEFE2 /* texture.cpp */; };
/* End PBXBuildFile section */

/* Begin PBXCopyFilesBuildPhase section */
		91E80C2E24D5CFAE003AEFE2 /* CopyFiles */ = {
			isa = PBXCopyFilesBuildPhase;
			buildActionMask = 12;
			dstPath = "";
			dstSubfolderSpec = 16;
			files = (
			);
			runOnlyForDeploymentPostprocessing = 0;
		};
		91E80C4124D5D042003AEFE2 /* Embed Libraries */ = {
			isa = PBXCopyFilesBuildPhase;
			buildActionMask = 2147483647;
			dstPath = "";
			dstSubfolderSpec = 10;
			files = (
				91E80C4024D5D042003AEFE2 /* libglfw.3.3.dylib in Embed Libraries */,
			);
			name = "Embed Libraries";
			runOnlyForDeploymentPostprocessing = 0;
		};
/* End PBXCopyFilesBuildPhase section */

/* Begin PBXFileReference section */
		919A40CB24F9CD5400784031 /* text_renderer.cpp */ = {isa = PBXFileReference; lastKnownFileType = sourcecode.cpp.cpp; path = text_renderer.cpp; sourceTree = "<group>"; };
		919A40CC24F9CD5400784031 /* text_renderer.hpp */ = {isa = PBXFileReference; lastKnownFileType = sourcecode.cpp.h; path = text_renderer.hpp; sourceTree = "<group>"; };
		919A40D024F9CF8D00784031 /* libfreetype.6.dylib */ = {isa = PBXFileReference; lastKnownFileType = "compiled.mach-o.dylib"; name = libfreetype.6.dylib; path = ../../../../../usr/local/Cellar/freetype/2.9.1/lib/libfreetype.6.dylib; sourceTree = "<group>"; };
		919A40D224F9CFF700784031 /* font.vert */ = {isa = PBXFileReference; lastKnownFileType = sourcecode.glsl; path = font.vert; sourceTree = "<group>"; };
		919A40D324F9D00000784031 /* font.frag */ = {isa = PBXFileReference; lastKnownFileType = sourcecode.glsl; path = font.frag; sourceTree = "<group>"; };
		919A40D424F9D53B00784031 /* OCRAEXT.TTF */ = {isa = PBXFileReference; lastKnownFileType = file; path = OCRAEXT.TTF; sourceTree = "<group>"; };
		91A51A6324E081ED000E65D6 /* piece_manager.cpp */ = {isa = PBXFileReference; lastKnownFileType = sourcecode.cpp.cpp; path = piece_manager.cpp; sourceTree = "<group>"; };
		91A51A6424E081ED000E65D6 /* piece_manager.hpp */ = {isa = PBXFileReference; lastKnownFileType = sourcecode.cpp.h; path = piece_manager.hpp; sourceTree = "<group>"; };
		91A51A6724E081F7000E65D6 /* piece.hpp */ = {isa = PBXFileReference; lastKnownFileType = sourcecode.cpp.h; path = piece.hpp; sourceTree = "<group>"; };
		91A51A6924E0824F000E65D6 /* king.hpp */ = {isa = PBXFileReference; lastKnownFileType = sourcecode.cpp.h; path = king.hpp; sourceTree = "<group>"; };
		91A51A6A24E0825C000E65D6 /* queen.hpp */ = {isa = PBXFileReference; lastKnownFileType = sourcecode.cpp.h; path = queen.hpp; sourceTree = "<group>"; };
		91A51A6B24E08267000E65D6 /* knight.hpp */ = {isa = PBXFileReference; lastKnownFileType = sourcecode.cpp.h; path = knight.hpp; sourceTree = "<group>"; };
		91A51A6C24E08276000E65D6 /* rook.hpp */ = {isa = PBXFileReference; lastKnownFileType = sourcecode.cpp.h; path = rook.hpp; sourceTree = "<group>"; };
		91A51A6D24E08289000E65D6 /* bishop.hpp */ = {isa = PBXFileReference; lastKnownFileType = sourcecode.cpp.h; path = bishop.hpp; sourceTree = "<group>"; };
		91A51A6E24E0829A000E65D6 /* pawn.hpp */ = {isa = PBXFileReference; lastKnownFileType = sourcecode.cpp.h; path = pawn.hpp; sourceTree = "<group>"; };
		91A51A6F24E08BFC000E65D6 /* white_bishop_100.png */ = {isa = PBXFileReference; lastKnownFileType = image.png; path = white_bishop_100.png; sourceTree = "<group>"; };
		91A51A7024E08BFC000E65D6 /* white_knight_100.png */ = {isa = PBXFileReference; lastKnownFileType = image.png; path = white_knight_100.png; sourceTree = "<group>"; };
		91A51A7124E08BFC000E65D6 /* white_king_100.png */ = {isa = PBXFileReference; lastKnownFileType = image.png; path = white_king_100.png; sourceTree = "<group>"; };
		91A51A7224E08BFC000E65D6 /* white_queen_100.png */ = {isa = PBXFileReference; lastKnownFileType = image.png; path = white_queen_100.png; sourceTree = "<group>"; };
		91A51A7324E08BFC000E65D6 /* black_knight_100.png */ = {isa = PBXFileReference; lastKnownFileType = image.png; path = black_knight_100.png; sourceTree = "<group>"; };
		91A51A7424E08BFC000E65D6 /* black_queen_100.png */ = {isa = PBXFileReference; lastKnownFileType = image.png; path = black_queen_100.png; sourceTree = "<group>"; };
		91A51A7524E08BFC000E65D6 /* black_rook_100.png */ = {isa = PBXFileReference; lastKnownFileType = image.png; path = black_rook_100.png; sourceTree = "<group>"; };
		91A51A7624E08BFC000E65D6 /* white_rook_100.png */ = {isa = PBXFileReference; lastKnownFileType = image.png; path = white_rook_100.png; sourceTree = "<group>"; };
		91A51A7724E08BFC000E65D6 /* black_bishop_100.png */ = {isa = PBXFileReference; lastKnownFileType = image.png; path = black_bishop_100.png; sourceTree = "<group>"; };
		91A51A7824E08BFC000E65D6 /* black_king_100.png */ = {isa = PBXFileReference; lastKnownFileType = image.png; path = black_king_100.png; sourceTree = "<group>"; };
		91A51A7924E08BFC000E65D6 /* black_pawn_100.png */ = {isa = PBXFileReference; lastKnownFileType = image.png; path = black_pawn_100.png; sourceTree = "<group>"; };
		91A51A7A24E08BFC000E65D6 /* white_pawn_100.png */ = {isa = PBXFileReference; lastKnownFileType = image.png; path = white_pawn_100.png; sourceTree = "<group>"; };
		91A51A7B24E09DA6000E65D6 /* texture.frag */ = {isa = PBXFileReference; fileEncoding = 4; lastKnownFileType = sourcecode.glsl; path = texture.frag; sourceTree = "<group>"; };
		91A51A7C24E09DA6000E65D6 /* texture.vert */ = {isa = PBXFileReference; fileEncoding = 4; lastKnownFileType = sourcecode.glsl; path = texture.vert; sourceTree = "<group>"; };
		91E80C3024D5CFAE003AEFE2 /* Chess */ = {isa = PBXFileReference; explicitFileType = "compiled.mach-o.executable"; includeInIndex = 0; path = Chess; sourceTree = BUILT_PRODUCTS_DIR; };
		91E80C3324D5CFAE003AEFE2 /* main.cpp */ = {isa = PBXFileReference; lastKnownFileType = sourcecode.cpp.cpp; path = main.cpp; sourceTree = "<group>"; };
		91E80C3B24D5CFDB003AEFE2 /* OpenGL.framework */ = {isa = PBXFileReference; lastKnownFileType = wrapper.framework; name = OpenGL.framework; path = System/Library/Frameworks/OpenGL.framework; sourceTree = SDKROOT; };
		91E80C3D24D5D001003AEFE2 /* Chess.entitlements */ = {isa = PBXFileReference; lastKnownFileType = text.plist.entitlements; path = Chess.entitlements; sourceTree = "<group>"; };
		91E80C3E24D5D042003AEFE2 /* libglfw.3.3.dylib */ = {isa = PBXFileReference; lastKnownFileType = "compiled.mach-o.dylib"; name = libglfw.3.3.dylib; path = ../../../../../usr/local/Cellar/glfw/3.3/lib/libglfw.3.3.dylib; sourceTree = "<group>"; };
		91E80C4924D78848003AEFE2 /* renderer.cpp */ = {isa = PBXFileReference; lastKnownFileType = sourcecode.cpp.cpp; path = renderer.cpp; sourceTree = "<group>"; };
		91E80C4A24D78848003AEFE2 /* renderer.hpp */ = {isa = PBXFileReference; lastKnownFileType = sourcecode.cpp.h; path = renderer.hpp; sourceTree = "<group>"; };
		91E80C4C24D79710003AEFE2 /* game.cpp */ = {isa = PBXFileReference; lastKnownFileType = sourcecode.cpp.cpp; path = game.cpp; sourceTree = "<group>"; };
		91E80C4D24D79710003AEFE2 /* game.hpp */ = {isa = PBXFileReference; lastKnownFileType = sourcecode.cpp.h; path = game.hpp; sourceTree = "<group>"; };
		91E80C4F24D7971F003AEFE2 /* board.cpp */ = {isa = PBXFileReference; lastKnownFileType = sourcecode.cpp.cpp; path = board.cpp; sourceTree = "<group>"; };
		91E80C5024D7971F003AEFE2 /* board.hpp */ = {isa = PBXFileReference; lastKnownFileType = sourcecode.cpp.h; path = board.hpp; sourceTree = "<group>"; };
		91E80C5224D79C05003AEFE2 /* resource_manager.cpp */ = {isa = PBXFileReference; lastKnownFileType = sourcecode.cpp.cpp; path = resource_manager.cpp; sourceTree = "<group>"; };
		91E80C5324D79C05003AEFE2 /* resource_manager.hpp */ = {isa = PBXFileReference; lastKnownFileType = sourcecode.cpp.h; path = resource_manager.hpp; sourceTree = "<group>"; };
		91E80C5524D79D6D003AEFE2 /* shader.cpp */ = {isa = PBXFileReference; lastKnownFileType = sourcecode.cpp.cpp; path = shader.cpp; sourceTree = "<group>"; };
		91E80C5624D79D6D003AEFE2 /* shader.hpp */ = {isa = PBXFileReference; lastKnownFileType = sourcecode.cpp.h; path = shader.hpp; sourceTree = "<group>"; };
		91E80C5824D79D7D003AEFE2 /* texture.cpp */ = {isa = PBXFileReference; lastKnownFileType = sourcecode.cpp.cpp; path = texture.cpp; sourceTree = "<group>"; };
		91E80C5924D79D7D003AEFE2 /* texture.hpp */ = {isa = PBXFileReference; lastKnownFileType = sourcecode.cpp.h; path = texture.hpp; sourceTree = "<group>"; };
		91E80C5D24D7A9EB003AEFE2 /* board.frag */ = {isa = PBXFileReference; fileEncoding = 4; lastKnownFileType = sourcecode.glsl; path = board.frag; sourceTree = "<group>"; };
		91E80C5E24D7A9EC003AEFE2 /* board.vert */ = {isa = PBXFileReference; fileEncoding = 4; lastKnownFileType = sourcecode.glsl; path = board.vert; sourceTree = "<group>"; };
/* End PBXFileReference section */

/* Begin PBXFrameworksBuildPhase section */
		91E80C2D24D5CFAE003AEFE2 /* Frameworks */ = {
			isa = PBXFrameworksBuildPhase;
			buildActionMask = 2147483647;
			files = (
				919A40D124F9CF8D00784031 /* libfreetype.6.dylib in Frameworks */,
				91E80C3F24D5D042003AEFE2 /* libglfw.3.3.dylib in Frameworks */,
				91E80C3C24D5CFDB003AEFE2 /* OpenGL.framework in Frameworks */,
			);
			runOnlyForDeploymentPostprocessing = 0;
		};
/* End PBXFrameworksBuildPhase section */

/* Begin PBXGroup section */
		91E80C2724D5CFAE003AEFE2 = {
			isa = PBXGroup;
			children = (
				91E80C3224D5CFAE003AEFE2 /* Chess */,
				91E80C3124D5CFAE003AEFE2 /* Products */,
				91E80C3A24D5CFDB003AEFE2 /* Frameworks */,
			);
			sourceTree = "<group>";
		};
		91E80C3124D5CFAE003AEFE2 /* Products */ = {
			isa = PBXGroup;
			children = (
				91E80C3024D5CFAE003AEFE2 /* Chess */,
			);
			name = Products;
			sourceTree = "<group>";
		};
		91E80C3224D5CFAE003AEFE2 /* Chess */ = {
			isa = PBXGroup;
			children = (
				91E80C4324D617D9003AEFE2 /* Assets */,
				91E80C4224D617C5003AEFE2 /* Shaders */,
				91E80C3D24D5D001003AEFE2 /* Chess.entitlements */,
				91E80C3324D5CFAE003AEFE2 /* main.cpp */,
				91E80C4924D78848003AEFE2 /* renderer.cpp */,
				91E80C4A24D78848003AEFE2 /* renderer.hpp */,
				91E80C4C24D79710003AEFE2 /* game.cpp */,
				91E80C4D24D79710003AEFE2 /* game.hpp */,
				91E80C4F24D7971F003AEFE2 /* board.cpp */,
				91E80C5024D7971F003AEFE2 /* board.hpp */,
				91E80C5224D79C05003AEFE2 /* resource_manager.cpp */,
				91E80C5324D79C05003AEFE2 /* resource_manager.hpp */,
				91E80C5524D79D6D003AEFE2 /* shader.cpp */,
				91E80C5624D79D6D003AEFE2 /* shader.hpp */,
				91E80C5824D79D7D003AEFE2 /* texture.cpp */,
				91E80C5924D79D7D003AEFE2 /* texture.hpp */,
				91A51A6324E081ED000E65D6 /* piece_manager.cpp */,
				91A51A6424E081ED000E65D6 /* piece_manager.hpp */,
				91A51A6724E081F7000E65D6 /* piece.hpp */,
				91A51A6924E0824F000E65D6 /* king.hpp */,
				91A51A6A24E0825C000E65D6 /* queen.hpp */,
				91A51A6B24E08267000E65D6 /* knight.hpp */,
				91A51A6C24E08276000E65D6 /* rook.hpp */,
				91A51A6D24E08289000E65D6 /* bishop.hpp */,
				91A51A6E24E0829A000E65D6 /* pawn.hpp */,
				919A40CB24F9CD5400784031 /* text_renderer.cpp */,
				919A40CC24F9CD5400784031 /* text_renderer.hpp */,
			);
			path = Chess;
			sourceTree = "<group>";
		};
		91E80C3A24D5CFDB003AEFE2 /* Frameworks */ = {
			isa = PBXGroup;
			children = (
				919A40D024F9CF8D00784031 /* libfreetype.6.dylib */,
				91E80C3E24D5D042003AEFE2 /* libglfw.3.3.dylib */,
				91E80C3B24D5CFDB003AEFE2 /* OpenGL.framework */,
			);
			name = Frameworks;
			sourceTree = "<group>";
		};
		91E80C4224D617C5003AEFE2 /* Shaders */ = {
			isa = PBXGroup;
			children = (
				91A51A7B24E09DA6000E65D6 /* texture.frag */,
				91A51A7C24E09DA6000E65D6 /* texture.vert */,
				91E80C5D24D7A9EB003AEFE2 /* board.frag */,
				91E80C5E24D7A9EC003AEFE2 /* board.vert */,
				919A40D224F9CFF700784031 /* font.vert */,
				919A40D324F9D00000784031 /* font.frag */,
			);
			path = Shaders;
			sourceTree = "<group>";
		};
		91E80C4324D617D9003AEFE2 /* Assets */ = {
			isa = PBXGroup;
			children = (
				919A40D424F9D53B00784031 /* OCRAEXT.TTF */,
				91A51A7724E08BFC000E65D6 /* black_bishop_100.png */,
				91A51A7824E08BFC000E65D6 /* black_king_100.png */,
				91A51A7324E08BFC000E65D6 /* black_knight_100.png */,
				91A51A7924E08BFC000E65D6 /* black_pawn_100.png */,
				91A51A7424E08BFC000E65D6 /* black_queen_100.png */,
				91A51A7524E08BFC000E65D6 /* black_rook_100.png */,
				91A51A6F24E08BFC000E65D6 /* white_bishop_100.png */,
				91A51A7124E08BFC000E65D6 /* white_king_100.png */,
				91A51A7024E08BFC000E65D6 /* white_knight_100.png */,
				91A51A7A24E08BFC000E65D6 /* white_pawn_100.png */,
				91A51A7224E08BFC000E65D6 /* white_queen_100.png */,
				91A51A7624E08BFC000E65D6 /* white_rook_100.png */,
			);
			path = Assets;
			sourceTree = "<group>";
		};
/* End PBXGroup section */

/* Begin PBXNativeTarget section */
		91E80C2F24D5CFAE003AEFE2 /* Chess */ = {
			isa = PBXNativeTarget;
			buildConfigurationList = 91E80C3724D5CFAE003AEFE2 /* Build configuration list for PBXNativeTarget "Chess" */;
			buildPhases = (
				91E80C2C24D5CFAE003AEFE2 /* Sources */,
				91E80C2D24D5CFAE003AEFE2 /* Frameworks */,
				91E80C2E24D5CFAE003AEFE2 /* CopyFiles */,
				91E80C4124D5D042003AEFE2 /* Embed Libraries */,
			);
			buildRules = (
			);
			dependencies = (
			);
			name = Chess;
			productName = Chess;
			productReference = 91E80C3024D5CFAE003AEFE2 /* Chess */;
			productType = "com.apple.product-type.tool";
		};
/* End PBXNativeTarget section */

/* Begin PBXProject section */
		91E80C2824D5CFAE003AEFE2 /* Project object */ = {
			isa = PBXProject;
			attributes = {
				LastUpgradeCheck = 1150;
				ORGANIZATIONNAME = "Marvin LLC";
				TargetAttributes = {
					91E80C2F24D5CFAE003AEFE2 = {
						CreatedOnToolsVersion = 11.5;
					};
				};
			};
			buildConfigurationList = 91E80C2B24D5CFAE003AEFE2 /* Build configuration list for PBXProject "Chess" */;
			compatibilityVersion = "Xcode 9.3";
			developmentRegion = en;
			hasScannedForEncodings = 0;
			knownRegions = (
				en,
				Base,
			);
			mainGroup = 91E80C2724D5CFAE003AEFE2;
			productRefGroup = 91E80C3124D5CFAE003AEFE2 /* Products */;
			projectDirPath = "";
			projectRoot = "";
			targets = (
				91E80C2F24D5CFAE003AEFE2 /* Chess */,
			);
		};
/* End PBXProject section */

/* Begin PBXSourcesBuildPhase section */
		91E80C2C24D5CFAE003AEFE2 /* Sources */ = {
			isa = PBXSourcesBuildPhase;
			buildActionMask = 2147483647;
			files = (
				91E80C5724D79D6D003AEFE2 /* shader.cpp in Sources */,
				91E80C4B24D78848003AEFE2 /* renderer.cpp in Sources */,
				919A40CD24F9CD5400784031 /* text_renderer.cpp in Sources */,
				91A51A6524E081ED000E65D6 /* piece_manager.cpp in Sources */,
				91E80C3424D5CFAE003AEFE2 /* main.cpp in Sources */,
				91E80C5424D79C05003AEFE2 /* resource_manager.cpp in Sources */,
				91E80C5A24D79D7D003AEFE2 /* texture.cpp in Sources */,
				91E80C5124D7971F003AEFE2 /* board.cpp in Sources */,
				91E80C4E24D79710003AEFE2 /* game.cpp in Sources */,
			);
			runOnlyForDeploymentPostprocessing = 0;
		};
/* End PBXSourcesBuildPhase section */

/* Begin XCBuildConfiguration section */
		91E80C3524D5CFAE003AEFE2 /* Debug */ = {
			isa = XCBuildConfiguration;
			buildSettings = {
				ALWAYS_SEARCH_USER_PATHS = NO;
				CLANG_ANALYZER_NONNULL = YES;
				CLANG_ANALYZER_NUMBER_OBJECT_CONVERSION = YES_AGGRESSIVE;
				CLANG_CXX_LANGUAGE_STANDARD = "gnu++14";
				CLANG_CXX_LIBRARY = "libc++";
				CLANG_ENABLE_MODULES = YES;
				CLANG_ENABLE_OBJC_ARC = YES;
				CLANG_ENABLE_OBJC_WEAK = YES;
				CLANG_WARN_BLOCK_CAPTURE_AUTORELEASING = YES;
				CLANG_WARN_BOOL_CONVERSION = YES;
				CLANG_WARN_COMMA = YES;
				CLANG_WARN_CONSTANT_CONVERSION = YES;
				CLANG_WARN_DEPRECATED_OBJC_IMPLEMENTATIONS = YES;
				CLANG_WARN_DIRECT_OBJC_ISA_USAGE = YES_ERROR;
				CLANG_WARN_DOCUMENTATION_COMMENTS = YES;
				CLANG_WARN_EMPTY_BODY = YES;
				CLANG_WARN_ENUM_CONVERSION = YES;
				CLANG_WARN_INFINITE_RECURSION = YES;
				CLANG_WARN_INT_CONVERSION = YES;
				CLANG_WARN_NON_LITERAL_NULL_CONVERSION = YES;
				CLANG_WARN_OBJC_IMPLICIT_RETAIN_SELF = YES;
				CLANG_WARN_OBJC_LITERAL_CONVERSION = YES;
				CLANG_WARN_OBJC_ROOT_CLASS = YES_ERROR;
				CLANG_WARN_RANGE_LOOP_ANALYSIS = YES;
				CLANG_WARN_STRICT_PROTOTYPES = YES;
				CLANG_WARN_SUSPICIOUS_MOVE = YES;
				CLANG_WARN_UNGUARDED_AVAILABILITY = YES_AGGRESSIVE;
				CLANG_WARN_UNREACHABLE_CODE = YES;
				CLANG_WARN__DUPLICATE_METHOD_MATCH = YES;
				COPY_PHASE_STRIP = NO;
				DEBUG_INFORMATION_FORMAT = dwarf;
				ENABLE_STRICT_OBJC_MSGSEND = YES;
				ENABLE_TESTABILITY = YES;
				GCC_C_LANGUAGE_STANDARD = gnu11;
				GCC_DYNAMIC_NO_PIC = NO;
				GCC_NO_COMMON_BLOCKS = YES;
				GCC_OPTIMIZATION_LEVEL = 0;
				GCC_PREPROCESSOR_DEFINITIONS = (
					"DEBUG=1",
					"$(inherited)",
				);
				GCC_WARN_64_TO_32_BIT_CONVERSION = YES;
				GCC_WARN_ABOUT_RETURN_TYPE = YES_ERROR;
				GCC_WARN_UNDECLARED_SELECTOR = YES;
				GCC_WARN_UNINITIALIZED_AUTOS = YES_AGGRESSIVE;
				GCC_WARN_UNUSED_FUNCTION = YES;
				GCC_WARN_UNUSED_VARIABLE = YES;
				MACOSX_DEPLOYMENT_TARGET = 10.15;
				MTL_ENABLE_DEBUG_INFO = INCLUDE_SOURCE;
				MTL_FAST_MATH = YES;
				ONLY_ACTIVE_ARCH = YES;
				SDKROOT = macosx;
			};
			name = Debug;
		};
		91E80C3624D5CFAE003AEFE2 /* Release */ = {
			isa = XCBuildConfiguration;
			buildSettings = {
				ALWAYS_SEARCH_USER_PATHS = NO;
				CLANG_ANALYZER_NONNULL = YES;
				CLANG_ANALYZER_NUMBER_OBJECT_CONVERSION = YES_AGGRESSIVE;
				CLANG_CXX_LANGUAGE_STANDARD = "gnu++14";
				CLANG_CXX_LIBRARY = "libc++";
				CLANG_ENABLE_MODULES = YES;
				CLANG_ENABLE_OBJC_ARC = YES;
				CLANG_ENABLE_OBJC_WEAK = YES;
				CLANG_WARN_BLOCK_CAPTURE_AUTORELEASING = YES;
				CLANG_WARN_BOOL_CONVERSION = YES;
				CLANG_WARN_COMMA = YES;
				CLANG_WARN_CONSTANT_CONVERSION = YES;
				CLANG_WARN_DEPRECATED_OBJC_IMPLEMENTATIONS = YES;
				CLANG_WARN_DIRECT_OBJC_ISA_USAGE = YES_ERROR;
				CLANG_WARN_DOCUMENTATION_COMMENTS = YES;
				CLANG_WARN_EMPTY_BODY = YES;
				CLANG_WARN_ENUM_CONVERSION = YES;
				CLANG_WARN_INFINITE_RECURSION = YES;
				CLANG_WARN_INT_CONVERSION = YES;
				CLANG_WARN_NON_LITERAL_NULL_CONVERSION = YES;
				CLANG_WARN_OBJC_IMPLICIT_RETAIN_SELF = YES;
				CLANG_WARN_OBJC_LITERAL_CONVERSION = YES;
				CLANG_WARN_OBJC_ROOT_CLASS = YES_ERROR;
				CLANG_WARN_RANGE_LOOP_ANALYSIS = YES;
				CLANG_WARN_STRICT_PROTOTYPES = YES;
				CLANG_WARN_SUSPICIOUS_MOVE = YES;
				CLANG_WARN_UNGUARDED_AVAILABILITY = YES_AGGRESSIVE;
				CLANG_WARN_UNREACHABLE_CODE = YES;
				CLANG_WARN__DUPLICATE_METHOD_MATCH = YES;
				COPY_PHASE_STRIP = NO;
				DEBUG_INFORMATION_FORMAT = "dwarf-with-dsym";
				ENABLE_NS_ASSERTIONS = NO;
				ENABLE_STRICT_OBJC_MSGSEND = YES;
				GCC_C_LANGUAGE_STANDARD = gnu11;
				GCC_NO_COMMON_BLOCKS = YES;
				GCC_WARN_64_TO_32_BIT_CONVERSION = YES;
				GCC_WARN_ABOUT_RETURN_TYPE = YES_ERROR;
				GCC_WARN_UNDECLARED_SELECTOR = YES;
				GCC_WARN_UNINITIALIZED_AUTOS = YES_AGGRESSIVE;
				GCC_WARN_UNUSED_FUNCTION = YES;
				GCC_WARN_UNUSED_VARIABLE = YES;
				MACOSX_DEPLOYMENT_TARGET = 10.15;
				MTL_ENABLE_DEBUG_INFO = NO;
				MTL_FAST_MATH = YES;
				SDKROOT = macosx;
			};
			name = Release;
		};
		91E80C3824D5CFAE003AEFE2 /* Debug */ = {
			isa = XCBuildConfiguration;
			buildSettings = {
				CODE_SIGN_ENTITLEMENTS = Chess/Chess.entitlements;
				CODE_SIGN_IDENTITY = "Apple Development";
				CODE_SIGN_STYLE = Automatic;
				DEVELOPMENT_TEAM = MXYX4524CL;
				ENABLE_HARDENED_RUNTIME = YES;
				HEADER_SEARCH_PATHS = (
					/usr/local/Cellar/glfw/3.3/include,
					/usr/local/include/glm,
					"/Users/ianholdeman/Downloads/stb-master",
					"/usr/local/opt/freetype/include/freetype2/**",
				);
				LIBRARY_SEARCH_PATHS = (
					"$(inherited)",
					/usr/local/Cellar/glfw/3.3/lib,
					/usr/local/opt/freetype/lib,
					/usr/local/Cellar/freetype/2.9.1/lib,
				);
				PRODUCT_NAME = "$(TARGET_NAME)";
				PROVISIONING_PROFILE_SPECIFIER = "";
			};
			name = Debug;
		};
		91E80C3924D5CFAE003AEFE2 /* Release */ = {
			isa = XCBuildConfiguration;
			buildSettings = {
				CODE_SIGN_ENTITLEMENTS = Chess/Chess.entitlements;
				CODE_SIGN_IDENTITY = "Apple Development";
				CODE_SIGN_STYLE = Automatic;
				DEVELOPMENT_TEAM = MXYX4524CL;
				ENABLE_HARDENED_RUNTIME = YES;
				HEADER_SEARCH_PATHS = (
					/usr/local/Cellar/glfw/3.3/include,
					/usr/local/include/glm,
					"/Users/ianholdeman/Downloads/stb-master",
					"/usr/local/opt/freetype/include/freetype2/**",
				);
				LIBRARY_SEARCH_PATHS = (
					"$(inherited)",
					/usr/local/Cellar/glfw/3.3/lib,
					/usr/local/opt/freetype/lib,
					/usr/local/Cellar/freetype/2.9.1/lib,
				);
				PRODUCT_NAME = "$(TARGET_NAME)";
				PROVISIONING_PROFILE_SPECIFIER = "";
			};
			name = Release;
		};
/* End XCBuildConfiguration section */

/* Begin XCConfigurationList section */
		91E80C2B24D5CFAE003AEFE2 /* Build configuration list for PBXProject "Chess" */ = {
			isa = XCConfigurationList;
			buildConfigurations = (
				91E80C3524D5CFAE003AEFE2 /* Debug */,
				91E80C3624D5CFAE003AEFE2 /* Release */,
			);
			defaultConfigurationIsVisible = 0;
			defaultConfigurationName = Release;
		};
		91E80C3724D5CFAE003AEFE2 /* Build configuration list for PBXNativeTarget "Chess" */ = {
			isa = XCConfigurationList;
			buildConfigurations = (
				91E80C3824D5CFAE003AEFE2 /* Debug */,
				91E80C3924D5CFAE003AEFE2 /* Release */,
			);
			defaultConfigurationIsVisible = 0;
			defaultConfigurationName = Release;
		};
/* End XCConfigurationList section */
	};
	rootObject = 91E80C2824D5CFAE003AEFE2 /* Project object */;
}
